// !$*UTF8*$!
{
	archiveVersion = 1;
	classes = {
	};
	objectVersion = 50;
	objects = {

/* Begin PBXBuildFile section */
		5215D3B92630904C0014FA7E /* SettingsView.swift in Sources */ = {isa = PBXBuildFile; fileRef = 5215D3B82630904C0014FA7E /* SettingsView.swift */; };
		5215D3BD263092EA0014FA7E /* FormRowStaticView.swift in Sources */ = {isa = PBXBuildFile; fileRef = 5215D3BC263092EA0014FA7E /* FormRowStaticView.swift */; };
		5215D3C0263094D70014FA7E /* FormRowLinkView.swift in Sources */ = {isa = PBXBuildFile; fileRef = 5215D3BF263094D70014FA7E /* FormRowLinkView.swift */; };
		5215D3CC2630AC6B0014FA7E /* Pink.png in Resources */ = {isa = PBXBuildFile; fileRef = 5215D3C32630AC6A0014FA7E /* Pink.png */; };
		5215D3CD2630AC6B0014FA7E /* Blue.png in Resources */ = {isa = PBXBuildFile; fileRef = 5215D3C42630AC6B0014FA7E /* Blue.png */; };
		5215D3CE2630AC6B0014FA7E /* Green Light.png in Resources */ = {isa = PBXBuildFile; fileRef = 5215D3C52630AC6B0014FA7E /* Green Light.png */; };
		5215D3CF2630AC6B0014FA7E /* Green.png in Resources */ = {isa = PBXBuildFile; fileRef = 5215D3C62630AC6B0014FA7E /* Green.png */; };
		5215D3D02630AC6B0014FA7E /* Green Dark.png in Resources */ = {isa = PBXBuildFile; fileRef = 5215D3C72630AC6B0014FA7E /* Green Dark.png */; };
		5215D3D12630AC6B0014FA7E /* Blue Light.png in Resources */ = {isa = PBXBuildFile; fileRef = 5215D3C82630AC6B0014FA7E /* Blue Light.png */; };
		5215D3D22630AC6B0014FA7E /* Pink Light.png in Resources */ = {isa = PBXBuildFile; fileRef = 5215D3C92630AC6B0014FA7E /* Pink Light.png */; };
		5215D3D32630AC6B0014FA7E /* Blue Dark.png in Resources */ = {isa = PBXBuildFile; fileRef = 5215D3CA2630AC6B0014FA7E /* Blue Dark.png */; };
		5215D3D42630AC6B0014FA7E /* Pink Dark.png in Resources */ = {isa = PBXBuildFile; fileRef = 5215D3CB2630AC6B0014FA7E /* Pink Dark.png */; };
		528DE721262C6166004E0BE7 /* AppDelegate.swift in Sources */ = {isa = PBXBuildFile; fileRef = 528DE720262C6166004E0BE7 /* AppDelegate.swift */; };
		528DE723262C6166004E0BE7 /* SceneDelegate.swift in Sources */ = {isa = PBXBuildFile; fileRef = 528DE722262C6166004E0BE7 /* SceneDelegate.swift */; };
		528DE725262C6166004E0BE7 /* ContentView.swift in Sources */ = {isa = PBXBuildFile; fileRef = 528DE724262C6166004E0BE7 /* ContentView.swift */; };
		528DE728262C6166004E0BE7 /* Todo_App.xcdatamodeld in Sources */ = {isa = PBXBuildFile; fileRef = 528DE726262C6166004E0BE7 /* Todo_App.xcdatamodeld */; };
		528DE72A262C6167004E0BE7 /* Assets.xcassets in Resources */ = {isa = PBXBuildFile; fileRef = 528DE729262C6167004E0BE7 /* Assets.xcassets */; };
		528DE72D262C6167004E0BE7 /* Preview Assets.xcassets in Resources */ = {isa = PBXBuildFile; fileRef = 528DE72C262C6167004E0BE7 /* Preview Assets.xcassets */; };
		528DE730262C6167004E0BE7 /* LaunchScreen.storyboard in Resources */ = {isa = PBXBuildFile; fileRef = 528DE72E262C6167004E0BE7 /* LaunchScreen.storyboard */; };
		528DE73A262C6195004E0BE7 /* AddTodoView.swift in Sources */ = {isa = PBXBuildFile; fileRef = 528DE739262C6195004E0BE7 /* AddTodoView.swift */; };
		52D935A32631E7EB00F86E43 /* ThemeModel.swift in Sources */ = {isa = PBXBuildFile; fileRef = 52D935A22631E7EB00F86E43 /* ThemeModel.swift */; };
		52D935A72631E83000F86E43 /* ThemeData.swift in Sources */ = {isa = PBXBuildFile; fileRef = 52D935A62631E83000F86E43 /* ThemeData.swift */; };
		52D935AA2631E89300F86E43 /* ThemeSettings.swift in Sources */ = {isa = PBXBuildFile; fileRef = 52D935A92631E89300F86E43 /* ThemeSettings.swift */; };
		52F9024C262DF4F50048154D /* EmptyListView.swift in Sources */ = {isa = PBXBuildFile; fileRef = 52F9024B262DF4F50048154D /* EmptyListView.swift */; };
/* End PBXBuildFile section */

/* Begin PBXFileReference section */
		5215D3B82630904C0014FA7E /* SettingsView.swift */ = {isa = PBXFileReference; lastKnownFileType = sourcecode.swift; path = SettingsView.swift; sourceTree = "<group>"; };
		5215D3BC263092EA0014FA7E /* FormRowStaticView.swift */ = {isa = PBXFileReference; lastKnownFileType = sourcecode.swift; path = FormRowStaticView.swift; sourceTree = "<group>"; };
		5215D3BF263094D70014FA7E /* FormRowLinkView.swift */ = {isa = PBXFileReference; lastKnownFileType = sourcecode.swift; path = FormRowLinkView.swift; sourceTree = "<group>"; };
		5215D3C32630AC6A0014FA7E /* Pink.png */ = {isa = PBXFileReference; lastKnownFileType = image.png; path = Pink.png; sourceTree = "<group>"; };
		5215D3C42630AC6B0014FA7E /* Blue.png */ = {isa = PBXFileReference; lastKnownFileType = image.png; path = Blue.png; sourceTree = "<group>"; };
		5215D3C52630AC6B0014FA7E /* Green Light.png */ = {isa = PBXFileReference; lastKnownFileType = image.png; path = "Green Light.png"; sourceTree = "<group>"; };
		5215D3C62630AC6B0014FA7E /* Green.png */ = {isa = PBXFileReference; lastKnownFileType = image.png; path = Green.png; sourceTree = "<group>"; };
		5215D3C72630AC6B0014FA7E /* Green Dark.png */ = {isa = PBXFileReference; lastKnownFileType = image.png; path = "Green Dark.png"; sourceTree = "<group>"; };
		5215D3C82630AC6B0014FA7E /* Blue Light.png */ = {isa = PBXFileReference; lastKnownFileType = image.png; path = "Blue Light.png"; sourceTree = "<group>"; };
		5215D3C92630AC6B0014FA7E /* Pink Light.png */ = {isa = PBXFileReference; lastKnownFileType = image.png; path = "Pink Light.png"; sourceTree = "<group>"; };
		5215D3CA2630AC6B0014FA7E /* Blue Dark.png */ = {isa = PBXFileReference; lastKnownFileType = image.png; path = "Blue Dark.png"; sourceTree = "<group>"; };
		5215D3CB2630AC6B0014FA7E /* Pink Dark.png */ = {isa = PBXFileReference; lastKnownFileType = image.png; path = "Pink Dark.png"; sourceTree = "<group>"; };
		528DE71D262C6166004E0BE7 /* Todo App.app */ = {isa = PBXFileReference; explicitFileType = wrapper.application; includeInIndex = 0; path = "Todo App.app"; sourceTree = BUILT_PRODUCTS_DIR; };
		528DE720262C6166004E0BE7 /* AppDelegate.swift */ = {isa = PBXFileReference; lastKnownFileType = sourcecode.swift; path = AppDelegate.swift; sourceTree = "<group>"; };
		528DE722262C6166004E0BE7 /* SceneDelegate.swift */ = {isa = PBXFileReference; lastKnownFileType = sourcecode.swift; path = SceneDelegate.swift; sourceTree = "<group>"; };
		528DE724262C6166004E0BE7 /* ContentView.swift */ = {isa = PBXFileReference; lastKnownFileType = sourcecode.swift; path = ContentView.swift; sourceTree = "<group>"; };
		528DE727262C6166004E0BE7 /* Todo_App.xcdatamodel */ = {isa = PBXFileReference; lastKnownFileType = wrapper.xcdatamodel; path = Todo_App.xcdatamodel; sourceTree = "<group>"; };
		528DE729262C6167004E0BE7 /* Assets.xcassets */ = {isa = PBXFileReference; lastKnownFileType = folder.assetcatalog; path = Assets.xcassets; sourceTree = "<group>"; };
		528DE72C262C6167004E0BE7 /* Preview Assets.xcassets */ = {isa = PBXFileReference; lastKnownFileType = folder.assetcatalog; path = "Preview Assets.xcassets"; sourceTree = "<group>"; };
		528DE72F262C6167004E0BE7 /* Base */ = {isa = PBXFileReference; lastKnownFileType = file.storyboard; name = Base; path = Base.lproj/LaunchScreen.storyboard; sourceTree = "<group>"; };
		528DE731262C6167004E0BE7 /* Info.plist */ = {isa = PBXFileReference; lastKnownFileType = text.plist.xml; path = Info.plist; sourceTree = "<group>"; };
		528DE739262C6195004E0BE7 /* AddTodoView.swift */ = {isa = PBXFileReference; lastKnownFileType = sourcecode.swift; path = AddTodoView.swift; sourceTree = "<group>"; };
		52D935A22631E7EB00F86E43 /* ThemeModel.swift */ = {isa = PBXFileReference; lastKnownFileType = sourcecode.swift; path = ThemeModel.swift; sourceTree = "<group>"; };
		52D935A62631E83000F86E43 /* ThemeData.swift */ = {isa = PBXFileReference; lastKnownFileType = sourcecode.swift; path = ThemeData.swift; sourceTree = "<group>"; };
		52D935A92631E89300F86E43 /* ThemeSettings.swift */ = {isa = PBXFileReference; lastKnownFileType = sourcecode.swift; path = ThemeSettings.swift; sourceTree = "<group>"; };
		52F9024B262DF4F50048154D /* EmptyListView.swift */ = {isa = PBXFileReference; lastKnownFileType = sourcecode.swift; path = EmptyListView.swift; sourceTree = "<group>"; };
/* End PBXFileReference section */

/* Begin PBXFrameworksBuildPhase section */
		528DE71A262C6166004E0BE7 /* Frameworks */ = {
			isa = PBXFrameworksBuildPhase;
			buildActionMask = 2147483647;
			files = (
			);
			runOnlyForDeploymentPostprocessing = 0;
		};
/* End PBXFrameworksBuildPhase section */

/* Begin PBXGroup section */
		5215D3C22630AC2B0014FA7E /* Icons */ = {
			isa = PBXGroup;
			children = (
				5215D3CA2630AC6B0014FA7E /* Blue Dark.png */,
				5215D3C82630AC6B0014FA7E /* Blue Light.png */,
				5215D3C42630AC6B0014FA7E /* Blue.png */,
				5215D3C72630AC6B0014FA7E /* Green Dark.png */,
				5215D3C52630AC6B0014FA7E /* Green Light.png */,
				5215D3C62630AC6B0014FA7E /* Green.png */,
				5215D3CB2630AC6B0014FA7E /* Pink Dark.png */,
				5215D3C92630AC6B0014FA7E /* Pink Light.png */,
				5215D3C32630AC6A0014FA7E /* Pink.png */,
			);
			path = Icons;
			sourceTree = "<group>";
		};
		528DE714262C6166004E0BE7 = {
			isa = PBXGroup;
			children = (
				528DE71F262C6166004E0BE7 /* Todo App */,
				528DE71E262C6166004E0BE7 /* Products */,
			);
			sourceTree = "<group>";
		};
		528DE71E262C6166004E0BE7 /* Products */ = {
			isa = PBXGroup;
			children = (
				528DE71D262C6166004E0BE7 /* Todo App.app */,
			);
			name = Products;
			sourceTree = "<group>";
		};
		528DE71F262C6166004E0BE7 /* Todo App */ = {
			isa = PBXGroup;
			children = (
				52D935A12631E7D700F86E43 /* Theme */,
				5215D3C22630AC2B0014FA7E /* Icons */,
				528DE720262C6166004E0BE7 /* AppDelegate.swift */,
				528DE722262C6166004E0BE7 /* SceneDelegate.swift */,
				528DE738262C616D004E0BE7 /* View */,
				528DE729262C6167004E0BE7 /* Assets.xcassets */,
				528DE72E262C6167004E0BE7 /* LaunchScreen.storyboard */,
				528DE731262C6167004E0BE7 /* Info.plist */,
				528DE726262C6166004E0BE7 /* Todo_App.xcdatamodeld */,
				528DE72B262C6167004E0BE7 /* Preview Content */,
			);
			path = "Todo App";
			sourceTree = "<group>";
		};
		528DE72B262C6167004E0BE7 /* Preview Content */ = {
			isa = PBXGroup;
			children = (
				528DE72C262C6167004E0BE7 /* Preview Assets.xcassets */,
			);
			path = "Preview Content";
			sourceTree = "<group>";
		};
		528DE738262C616D004E0BE7 /* View */ = {
			isa = PBXGroup;
			children = (
				528DE724262C6166004E0BE7 /* ContentView.swift */,
				528DE739262C6195004E0BE7 /* AddTodoView.swift */,
				52F9024B262DF4F50048154D /* EmptyListView.swift */,
				5215D3B82630904C0014FA7E /* SettingsView.swift */,
				5215D3BC263092EA0014FA7E /* FormRowStaticView.swift */,
				5215D3BF263094D70014FA7E /* FormRowLinkView.swift */,
			);
			path = View;
			sourceTree = "<group>";
		};
		52D935A12631E7D700F86E43 /* Theme */ = {
			isa = PBXGroup;
			children = (
				52D935A22631E7EB00F86E43 /* ThemeModel.swift */,
				52D935A62631E83000F86E43 /* ThemeData.swift */,
				52D935A92631E89300F86E43 /* ThemeSettings.swift */,
			);
			path = Theme;
			sourceTree = "<group>";
		};
/* End PBXGroup section */

/* Begin PBXNativeTarget section */
		528DE71C262C6166004E0BE7 /* Todo App */ = {
			isa = PBXNativeTarget;
			buildConfigurationList = 528DE734262C6167004E0BE7 /* Build configuration list for PBXNativeTarget "Todo App" */;
			buildPhases = (
				528DE719262C6166004E0BE7 /* Sources */,
				528DE71A262C6166004E0BE7 /* Frameworks */,
				528DE71B262C6166004E0BE7 /* Resources */,
			);
			buildRules = (
			);
			dependencies = (
			);
			name = "Todo App";
			productName = "Todo App";
			productReference = 528DE71D262C6166004E0BE7 /* Todo App.app */;
			productType = "com.apple.product-type.application";
		};
/* End PBXNativeTarget section */

/* Begin PBXProject section */
		528DE715262C6166004E0BE7 /* Project object */ = {
			isa = PBXProject;
			attributes = {
				LastSwiftUpdateCheck = 1240;
				LastUpgradeCheck = 1240;
				TargetAttributes = {
					528DE71C262C6166004E0BE7 = {
						CreatedOnToolsVersion = 12.4;
					};
				};
			};
			buildConfigurationList = 528DE718262C6166004E0BE7 /* Build configuration list for PBXProject "Todo App" */;
			compatibilityVersion = "Xcode 9.3";
			developmentRegion = en;
			hasScannedForEncodings = 0;
			knownRegions = (
				en,
				Base,
			);
			mainGroup = 528DE714262C6166004E0BE7;
			productRefGroup = 528DE71E262C6166004E0BE7 /* Products */;
			projectDirPath = "";
			projectRoot = "";
			targets = (
				528DE71C262C6166004E0BE7 /* Todo App */,
			);
		};
/* End PBXProject section */

/* Begin PBXResourcesBuildPhase section */
		528DE71B262C6166004E0BE7 /* Resources */ = {
			isa = PBXResourcesBuildPhase;
			buildActionMask = 2147483647;
			files = (
				5215D3D42630AC6B0014FA7E /* Pink Dark.png in Resources */,
				528DE730262C6167004E0BE7 /* LaunchScreen.storyboard in Resources */,
				5215D3CC2630AC6B0014FA7E /* Pink.png in Resources */,
				5215D3D32630AC6B0014FA7E /* Blue Dark.png in Resources */,
				5215D3CD2630AC6B0014FA7E /* Blue.png in Resources */,
				5215D3CF2630AC6B0014FA7E /* Green.png in Resources */,
				5215D3D02630AC6B0014FA7E /* Green Dark.png in Resources */,
				5215D3CE2630AC6B0014FA7E /* Green Light.png in Resources */,
				5215D3D12630AC6B0014FA7E /* Blue Light.png in Resources */,
				5215D3D22630AC6B0014FA7E /* Pink Light.png in Resources */,
				528DE72D262C6167004E0BE7 /* Preview Assets.xcassets in Resources */,
				528DE72A262C6167004E0BE7 /* Assets.xcassets in Resources */,
			);
			runOnlyForDeploymentPostprocessing = 0;
		};
/* End PBXResourcesBuildPhase section */

/* Begin PBXSourcesBuildPhase section */
		528DE719262C6166004E0BE7 /* Sources */ = {
			isa = PBXSourcesBuildPhase;
			buildActionMask = 2147483647;
			files = (
				5215D3B92630904C0014FA7E /* SettingsView.swift in Sources */,
				5215D3BD263092EA0014FA7E /* FormRowStaticView.swift in Sources */,
				5215D3C0263094D70014FA7E /* FormRowLinkView.swift in Sources */,
				52D935A72631E83000F86E43 /* ThemeData.swift in Sources */,
				528DE721262C6166004E0BE7 /* AppDelegate.swift in Sources */,
				528DE723262C6166004E0BE7 /* SceneDelegate.swift in Sources */,
				52D935AA2631E89300F86E43 /* ThemeSettings.swift in Sources */,
				52F9024C262DF4F50048154D /* EmptyListView.swift in Sources */,
				528DE725262C6166004E0BE7 /* ContentView.swift in Sources */,
				52D935A32631E7EB00F86E43 /* ThemeModel.swift in Sources */,
				528DE728262C6166004E0BE7 /* Todo_App.xcdatamodeld in Sources */,
				528DE73A262C6195004E0BE7 /* AddTodoView.swift in Sources */,
			);
			runOnlyForDeploymentPostprocessing = 0;
		};
/* End PBXSourcesBuildPhase section */

/* Begin PBXVariantGroup section */
		528DE72E262C6167004E0BE7 /* LaunchScreen.storyboard */ = {
			isa = PBXVariantGroup;
			children = (
				528DE72F262C6167004E0BE7 /* Base */,
			);
			name = LaunchScreen.storyboard;
			sourceTree = "<group>";
		};
/* End PBXVariantGroup section */

/* Begin XCBuildConfiguration section */
		528DE732262C6167004E0BE7 /* Debug */ = {
			isa = XCBuildConfiguration;
			buildSettings = {
				ALWAYS_SEARCH_USER_PATHS = NO;
				CLANG_ANALYZER_NONNULL = YES;
				CLANG_ANALYZER_NUMBER_OBJECT_CONVERSION = YES_AGGRESSIVE;
				CLANG_CXX_LANGUAGE_STANDARD = "gnu++14";
				CLANG_CXX_LIBRARY = "libc++";
				CLANG_ENABLE_MODULES = YES;
				CLANG_ENABLE_OBJC_ARC = YES;
				CLANG_ENABLE_OBJC_WEAK = YES;
				CLANG_WARN_BLOCK_CAPTURE_AUTORELEASING = YES;
				CLANG_WARN_BOOL_CONVERSION = YES;
				CLANG_WARN_COMMA = YES;
				CLANG_WARN_CONSTANT_CONVERSION = YES;
				CLANG_WARN_DEPRECATED_OBJC_IMPLEMENTATIONS = YES;
				CLANG_WARN_DIRECT_OBJC_ISA_USAGE = YES_ERROR;
				CLANG_WARN_DOCUMENTATION_COMMENTS = YES;
				CLANG_WARN_EMPTY_BODY = YES;
				CLANG_WARN_ENUM_CONVERSION = YES;
				CLANG_WARN_INFINITE_RECURSION = YES;
				CLANG_WARN_INT_CONVERSION = YES;
				CLANG_WARN_NON_LITERAL_NULL_CONVERSION = YES;
				CLANG_WARN_OBJC_IMPLICIT_RETAIN_SELF = YES;
				CLANG_WARN_OBJC_LITERAL_CONVERSION = YES;
				CLANG_WARN_OBJC_ROOT_CLASS = YES_ERROR;
				CLANG_WARN_QUOTED_INCLUDE_IN_FRAMEWORK_HEADER = YES;
				CLANG_WARN_RANGE_LOOP_ANALYSIS = YES;
				CLANG_WARN_STRICT_PROTOTYPES = YES;
				CLANG_WARN_SUSPICIOUS_MOVE = YES;
				CLANG_WARN_UNGUARDED_AVAILABILITY = YES_AGGRESSIVE;
				CLANG_WARN_UNREACHABLE_CODE = YES;
				CLANG_WARN__DUPLICATE_METHOD_MATCH = YES;
				COPY_PHASE_STRIP = NO;
				DEBUG_INFORMATION_FORMAT = dwarf;
				ENABLE_STRICT_OBJC_MSGSEND = YES;
				ENABLE_TESTABILITY = YES;
				GCC_C_LANGUAGE_STANDARD = gnu11;
				GCC_DYNAMIC_NO_PIC = NO;
				GCC_NO_COMMON_BLOCKS = YES;
				GCC_OPTIMIZATION_LEVEL = 0;
				GCC_PREPROCESSOR_DEFINITIONS = (
					"DEBUG=1",
					"$(inherited)",
				);
				GCC_WARN_64_TO_32_BIT_CONVERSION = YES;
				GCC_WARN_ABOUT_RETURN_TYPE = YES_ERROR;
				GCC_WARN_UNDECLARED_SELECTOR = YES;
				GCC_WARN_UNINITIALIZED_AUTOS = YES_AGGRESSIVE;
				GCC_WARN_UNUSED_FUNCTION = YES;
				GCC_WARN_UNUSED_VARIABLE = YES;
				IPHONEOS_DEPLOYMENT_TARGET = 14.4;
				MTL_ENABLE_DEBUG_INFO = INCLUDE_SOURCE;
				MTL_FAST_MATH = YES;
				ONLY_ACTIVE_ARCH = YES;
				SDKROOT = iphoneos;
				SWIFT_ACTIVE_COMPILATION_CONDITIONS = DEBUG;
				SWIFT_OPTIMIZATION_LEVEL = "-Onone";
			};
			name = Debug;
		};
		528DE733262C6167004E0BE7 /* Release */ = {
			isa = XCBuildConfiguration;
			buildSettings = {
				ALWAYS_SEARCH_USER_PATHS = NO;
				CLANG_ANALYZER_NONNULL = YES;
				CLANG_ANALYZER_NUMBER_OBJECT_CONVERSION = YES_AGGRESSIVE;
				CLANG_CXX_LANGUAGE_STANDARD = "gnu++14";
				CLANG_CXX_LIBRARY = "libc++";
				CLANG_ENABLE_MODULES = YES;
				CLANG_ENABLE_OBJC_ARC = YES;
				CLANG_ENABLE_OBJC_WEAK = YES;
				CLANG_WARN_BLOCK_CAPTURE_AUTORELEASING = YES;
				CLANG_WARN_BOOL_CONVERSION = YES;
				CLANG_WARN_COMMA = YES;
				CLANG_WARN_CONSTANT_CONVERSION = YES;
				CLANG_WARN_DEPRECATED_OBJC_IMPLEMENTATIONS = YES;
				CLANG_WARN_DIRECT_OBJC_ISA_USAGE = YES_ERROR;
				CLANG_WARN_DOCUMENTATION_COMMENTS = YES;
				CLANG_WARN_EMPTY_BODY = YES;
				CLANG_WARN_ENUM_CONVERSION = YES;
				CLANG_WARN_INFINITE_RECURSION = YES;
				CLANG_WARN_INT_CONVERSION = YES;
				CLANG_WARN_NON_LITERAL_NULL_CONVERSION = YES;
				CLANG_WARN_OBJC_IMPLICIT_RETAIN_SELF = YES;
				CLANG_WARN_OBJC_LITERAL_CONVERSION = YES;
				CLANG_WARN_OBJC_ROOT_CLASS = YES_ERROR;
				CLANG_WARN_QUOTED_INCLUDE_IN_FRAMEWORK_HEADER = YES;
				CLANG_WARN_RANGE_LOOP_ANALYSIS = YES;
				CLANG_WARN_STRICT_PROTOTYPES = YES;
				CLANG_WARN_SUSPICIOUS_MOVE = YES;
				CLANG_WARN_UNGUARDED_AVAILABILITY = YES_AGGRESSIVE;
				CLANG_WARN_UNREACHABLE_CODE = YES;
				CLANG_WARN__DUPLICATE_METHOD_MATCH = YES;
				COPY_PHASE_STRIP = NO;
				DEBUG_INFORMATION_FORMAT = "dwarf-with-dsym";
				ENABLE_NS_ASSERTIONS = NO;
				ENABLE_STRICT_OBJC_MSGSEND = YES;
				GCC_C_LANGUAGE_STANDARD = gnu11;
				GCC_NO_COMMON_BLOCKS = YES;
				GCC_WARN_64_TO_32_BIT_CONVERSION = YES;
				GCC_WARN_ABOUT_RETURN_TYPE = YES_ERROR;
				GCC_WARN_UNDECLARED_SELECTOR = YES;
				GCC_WARN_UNINITIALIZED_AUTOS = YES_AGGRESSIVE;
				GCC_WARN_UNUSED_FUNCTION = YES;
				GCC_WARN_UNUSED_VARIABLE = YES;
				IPHONEOS_DEPLOYMENT_TARGET = 14.4;
				MTL_ENABLE_DEBUG_INFO = NO;
				MTL_FAST_MATH = YES;
				SDKROOT = iphoneos;
				SWIFT_COMPILATION_MODE = wholemodule;
				SWIFT_OPTIMIZATION_LEVEL = "-O";
				VALIDATE_PRODUCT = YES;
			};
			name = Release;
		};
		528DE735262C6167004E0BE7 /* Debug */ = {
			isa = XCBuildConfiguration;
			buildSettings = {
				ASSETCATALOG_COMPILER_APPICON_NAME = AppIcon;
				ASSETCATALOG_COMPILER_GLOBAL_ACCENT_COLOR_NAME = AccentColor;
				CODE_SIGN_STYLE = Automatic;
				DEVELOPMENT_ASSET_PATHS = "\"Todo App/Preview Content\"";
				DEVELOPMENT_TEAM = 3PTYV272Z4;
				ENABLE_PREVIEWS = YES;
				INFOPLIST_FILE = "Todo App/Info.plist";
				LD_RUNPATH_SEARCH_PATHS = (
					"$(inherited)",
					"@executable_path/Frameworks",
				);
				PRODUCT_BUNDLE_IDENTIFIER = "pro.richpeach.ssh.Todo-App";
				PRODUCT_NAME = "$(TARGET_NAME)";
				SWIFT_VERSION = 5.0;
				TARGETED_DEVICE_FAMILY = "1,2";
			};
			name = Debug;
		};
		528DE736262C6167004E0BE7 /* Release */ = {
			isa = XCBuildConfiguration;
			buildSettings = {
				ASSETCATALOG_COMPILER_APPICON_NAME = AppIcon;
				ASSETCATALOG_COMPILER_GLOBAL_ACCENT_COLOR_NAME = AccentColor;
				CODE_SIGN_STYLE = Automatic;
				DEVELOPMENT_ASSET_PATHS = "\"Todo App/Preview Content\"";
				DEVELOPMENT_TEAM = 3PTYV272Z4;
				ENABLE_PREVIEWS = YES;
				INFOPLIST_FILE = "Todo App/Info.plist";
				LD_RUNPATH_SEARCH_PATHS = (
					"$(inherited)",
					"@executable_path/Frameworks",
				);
				PRODUCT_BUNDLE_IDENTIFIER = "pro.richpeach.ssh.Todo-App";
				PRODUCT_NAME = "$(TARGET_NAME)";
				SWIFT_VERSION = 5.0;
				TARGETED_DEVICE_FAMILY = "1,2";
			};
			name = Release;
		};
/* End XCBuildConfiguration section */

/* Begin XCConfigurationList section */
		528DE718262C6166004E0BE7 /* Build configuration list for PBXProject "Todo App" */ = {
			isa = XCConfigurationList;
			buildConfigurations = (
				528DE732262C6167004E0BE7 /* Debug */,
				528DE733262C6167004E0BE7 /* Release */,
			);
			defaultConfigurationIsVisible = 0;
			defaultConfigurationName = Release;
		};
		528DE734262C6167004E0BE7 /* Build configuration list for PBXNativeTarget "Todo App" */ = {
			isa = XCConfigurationList;
			buildConfigurations = (
				528DE735262C6167004E0BE7 /* Debug */,
				528DE736262C6167004E0BE7 /* Release */,
			);
			defaultConfigurationIsVisible = 0;
			defaultConfigurationName = Release;
		};
/* End XCConfigurationList section */

/* Begin XCVersionGroup section */
		528DE726262C6166004E0BE7 /* Todo_App.xcdatamodeld */ = {
			isa = XCVersionGroup;
			children = (
				528DE727262C6166004E0BE7 /* Todo_App.xcdatamodel */,
			);
			currentVersion = 528DE727262C6166004E0BE7 /* Todo_App.xcdatamodel */;
			path = Todo_App.xcdatamodeld;
			sourceTree = "<group>";
			versionGroupType = wrapper.xcdatamodel;
		};
/* End XCVersionGroup section */
	};
	rootObject = 528DE715262C6166004E0BE7 /* Project object */;
}
